
Microsoft Visual Studio Solution File, Format Version 12.00
# Visual Studio Version 16
VisualStudioVersion = 16.0.29411.108
MinimumVisualStudioVersion = 10.0.40219.1
Project("{8BC9CEB8-8B4A-11D0-8D11-00A0C91BC942}") = "MFCChatClient", "MFCChatClient\MFCChatClient.vcxproj", "{E3801D49-6E3F-4A7E-B965-720B3D4BE028}"
EndProject
Project("{8BC9CEB8-8B4A-11D0-8D11-00A0C91BC942}") = "MFCChatServer", "MFCChatServer\MFCChatServer.vcxproj", "{01842EFD-158A-4E66-B1B9-5EDE8954E7E0}"
EndProject
Global
	GlobalSection(SolutionConfigurationPlatforms) = preSolution
		Debug|x64 = Debug|x64
		Debug|x86 = Debug|x86
		Release|x64 = Release|x64
		Release|x86 = Release|x86
	EndGlobalSection
	GlobalSection(ProjectConfigurationPlatforms) = postSolution
		{E3801D49-6E3F-4A7E-B965-720B3D4BE028}.Debug|x64.ActiveCfg = Debug|x64
		{E3801D49-6E3F-4A7E-B965-720B3D4BE028}.Debug|x64.Build.0 = Debug|x64
		{E3801D49-6E3F-4A7E-B965-720B3D4BE028}.Debug|x86.ActiveCfg = Debug|Win32
		{E3801D49-6E3F-4A7E-B965-720B3D4BE028}.Debug|x86.Build.0 = Debug|Win32
		{E3801D49-6E3F-4A7E-B965-720B3D4BE028}.Release|x64.ActiveCfg = Release|x64
		{E3801D49-6E3F-4A7E-B965-720B3D4BE028}.Release|x64.Build.0 = Release|x64
		{E3801D49-6E3F-4A7E-B965-720B3D4BE028}.Release|x86.ActiveCfg = Release|Win32
		{E3801D49-6E3F-4A7E-B965-720B3D4BE028}.Release|x86.Build.0 = Release|Win32
		{01842EFD-158A-4E66-B1B9-5EDE8954E7E0}.Debug|x64.ActiveCfg = Debug|x64
		{01842EFD-158A-4E66-B1B9-5EDE8954E7E0}.Debug|x64.Build.0 = Debug|x64
		{01842EFD-158A-4E66-B1B9-5EDE8954E7E0}.Debug|x86.ActiveCfg = Debug|Win32
		{01842EFD-158A-4E66-B1B9-5EDE8954E7E0}.Debug|x86.Build.0 = Debug|Win32
		{01842EFD-158A-4E66-B1B9-5EDE8954E7E0}.Release|x64.ActiveCfg = Release|x64
		{01842EFD-158A-4E66-B1B9-5EDE8954E7E0}.Release|x64.Build.0 = Release|x64
		{01842EFD-158A-4E66-B1B9-5EDE8954E7E0}.Release|x86.ActiveCfg = Release|Win32
		{01842EFD-158A-4E66-B1B9-5EDE8954E7E0}.Release|x86.Build.0 = Release|Win32
	EndGlobalSection
	GlobalSection(SolutionProperties) = preSolution
		HideSolutionNode = FALSE
	EndGlobalSection
	GlobalSection(ExtensibilityGlobals) = postSolution
		SolutionGuid = {372EB5F0-1462-4B1B-84B6-1577D1106CF2}
	EndGlobalSection
EndGlobal
